
Microsoft Visual Studio Solution File, Format Version 12.00
# Visual Studio 15
VisualStudioVersion = 15.0.27004.2002
MinimumVisualStudioVersion = 10.0.40219.1
Project("{FAE04EC0-301F-11D3-BF4B-00C04F79EFBC}") = "HelloWorld.Android", "HelloWorld\HelloWorld.Android\HelloWorld.Android.csproj", "{BFD439BC-909D-4EB8-A191-9F8578C38DF7}"
EndProject
Project("{FAE04EC0-301F-11D3-BF4B-00C04F79EFBC}") = "HelloWorld", "HelloWorld\HelloWorld\HelloWorld.csproj", "{D3B1FA57-3A94-4539-B047-683C4A8C3243}"
EndProject
Project("{FAE04EC0-301F-11D3-BF4B-00C04F79EFBC}") = "HelloWorld.UWP", "HelloWorld\HelloWorld.UWP\HelloWorld.UWP.csproj", "{0E025DE4-7ABD-4BEF-A9A1-4F9235577933}"
EndProject
Project("{FAE04EC0-301F-11D3-BF4B-00C04F79EFBC}") = "HelloWorld.iOS", "HelloWorld\HelloWorld.iOS\HelloWorld.iOS.csproj", "{DF572D0C-E7D4-4F63-861D-CCEDCD24F9AE}"
EndProject
Global
	GlobalSection(SolutionConfigurationPlatforms) = preSolution
		Ad-Hoc|Any CPU = Ad-Hoc|Any CPU
		Ad-Hoc|ARM = Ad-Hoc|ARM
		Ad-Hoc|iPhone = Ad-Hoc|iPhone
		Ad-Hoc|iPhoneSimulator = Ad-Hoc|iPhoneSimulator
		Ad-Hoc|x64 = Ad-Hoc|x64
		Ad-Hoc|x86 = Ad-Hoc|x86
		AppStore|Any CPU = AppStore|Any CPU
		AppStore|ARM = AppStore|ARM
		AppStore|iPhone = AppStore|iPhone
		AppStore|iPhoneSimulator = AppStore|iPhoneSimulator
		AppStore|x64 = AppStore|x64
		AppStore|x86 = AppStore|x86
		Debug|Any CPU = Debug|Any CPU
		Debug|ARM = Debug|ARM
		Debug|iPhone = Debug|iPhone
		Debug|iPhoneSimulator = Debug|iPhoneSimulator
		Debug|x64 = Debug|x64
		Debug|x86 = Debug|x86
		Release|Any CPU = Release|Any CPU
		Release|ARM = Release|ARM
		Release|iPhone = Release|iPhone
		Release|iPhoneSimulator = Release|iPhoneSimulator
		Release|x64 = Release|x64
		Release|x86 = Release|x86
	EndGlobalSection
	GlobalSection(ProjectConfigurationPlatforms) = postSolution
		{BFD439BC-909D-4EB8-A191-9F8578C38DF7}.Ad-Hoc|Any CPU.ActiveCfg = Release|Any CPU
		{BFD439BC-909D-4EB8-A191-9F8578C38DF7}.Ad-Hoc|Any CPU.Build.0 = Release|Any CPU
		{BFD439BC-909D-4EB8-A191-9F8578C38DF7}.Ad-Hoc|Any CPU.Deploy.0 = Release|Any CPU
		{BFD439BC-909D-4EB8-A191-9F8578C38DF7}.Ad-Hoc|ARM.ActiveCfg = Release|Any CPU
		{BFD439BC-909D-4EB8-A191-9F8578C38DF7}.Ad-Hoc|ARM.Build.0 = Release|Any CPU
		{BFD439BC-909D-4EB8-A191-9F8578C38DF7}.Ad-Hoc|ARM.Deploy.0 = Release|Any CPU
		{BFD439BC-909D-4EB8-A191-9F8578C38DF7}.Ad-Hoc|iPhone.ActiveCfg = Release|Any CPU
		{BFD439BC-909D-4EB8-A191-9F8578C38DF7}.Ad-Hoc|iPhone.Build.0 = Release|Any CPU
		{BFD439BC-909D-4EB8-A191-9F8578C38DF7}.Ad-Hoc|iPhone.Deploy.0 = Release|Any CPU
		{BFD439BC-909D-4EB8-A191-9F8578C38DF7}.Ad-Hoc|iPhoneSimulator.ActiveCfg = Release|Any CPU
		{BFD439BC-909D-4EB8-A191-9F8578C38DF7}.Ad-Hoc|iPhoneSimulator.Build.0 = Release|Any CPU
		{BFD439BC-909D-4EB8-A191-9F8578C38DF7}.Ad-Hoc|iPhoneSimulator.Deploy.0 = Release|Any CPU
		{BFD439BC-909D-4EB8-A191-9F8578C38DF7}.Ad-Hoc|x64.ActiveCfg = Release|Any CPU
		{BFD439BC-909D-4EB8-A191-9F8578C38DF7}.Ad-Hoc|x64.Build.0 = Release|Any CPU
		{BFD439BC-909D-4EB8-A191-9F8578C38DF7}.Ad-Hoc|x64.Deploy.0 = Release|Any CPU
		{BFD439BC-909D-4EB8-A191-9F8578C38DF7}.Ad-Hoc|x86.ActiveCfg = Release|Any CPU
		{BFD439BC-909D-4EB8-A191-9F8578C38DF7}.Ad-Hoc|x86.Build.0 = Release|Any CPU
		{BFD439BC-909D-4EB8-A191-9F8578C38DF7}.Ad-Hoc|x86.Deploy.0 = Release|Any CPU
		{BFD439BC-909D-4EB8-A191-9F8578C38DF7}.AppStore|Any CPU.ActiveCfg = Release|Any CPU
		{BFD439BC-909D-4EB8-A191-9F8578C38DF7}.AppStore|Any CPU.Build.0 = Release|Any CPU
		{BFD439BC-909D-4EB8-A191-9F8578C38DF7}.AppStore|Any CPU.Deploy.0 = Release|Any CPU
		{BFD439BC-909D-4EB8-A191-9F8578C38DF7}.AppStore|ARM.ActiveCfg = Release|Any CPU
		{BFD439BC-909D-4EB8-A191-9F8578C38DF7}.AppStore|ARM.Build.0 = Release|Any CPU
		{BFD439BC-909D-4EB8-A191-9F8578C38DF7}.AppStore|ARM.Deploy.0 = Release|Any CPU
		{BFD439BC-909D-4EB8-A191-9F8578C38DF7}.AppStore|iPhone.ActiveCfg = Release|Any CPU
		{BFD439BC-909D-4EB8-A191-9F8578C38DF7}.AppStore|iPhone.Build.0 = Release|Any CPU
		{BFD439BC-909D-4EB8-A191-9F8578C38DF7}.AppStore|iPhone.Deploy.0 = Release|Any CPU
		{BFD439BC-909D-4EB8-A191-9F8578C38DF7}.AppStore|iPhoneSimulator.ActiveCfg = Release|Any CPU
		{BFD439BC-909D-4EB8-A191-9F8578C38DF7}.AppStore|iPhoneSimulator.Build.0 = Release|Any CPU
		{BFD439BC-909D-4EB8-A191-9F8578C38DF7}.AppStore|iPhoneSimulator.Deploy.0 = Release|Any CPU
		{BFD439BC-909D-4EB8-A191-9F8578C38DF7}.AppStore|x64.ActiveCfg = Release|Any CPU
		{BFD439BC-909D-4EB8-A191-9F8578C38DF7}.AppStore|x64.Build.0 = Release|Any CPU
		{BFD439BC-909D-4EB8-A191-9F8578C38DF7}.AppStore|x64.Deploy.0 = Release|Any CPU
		{BFD439BC-909D-4EB8-A191-9F8578C38DF7}.AppStore|x86.ActiveCfg = Release|Any CPU
		{BFD439BC-909D-4EB8-A191-9F8578C38DF7}.AppStore|x86.Build.0 = Release|Any CPU
		{BFD439BC-909D-4EB8-A191-9F8578C38DF7}.AppStore|x86.Deploy.0 = Release|Any CPU
		{BFD439BC-909D-4EB8-A191-9F8578C38DF7}.Debug|Any CPU.ActiveCfg = Debug|Any CPU
		{BFD439BC-909D-4EB8-A191-9F8578C38DF7}.Debug|Any CPU.Build.0 = Debug|Any CPU
		{BFD439BC-909D-4EB8-A191-9F8578C38DF7}.Debug|Any CPU.Deploy.0 = Debug|Any CPU
		{BFD439BC-909D-4EB8-A191-9F8578C38DF7}.Debug|ARM.ActiveCfg = Debug|Any CPU
		{BFD439BC-909D-4EB8-A191-9F8578C38DF7}.Debug|ARM.Build.0 = Debug|Any CPU
		{BFD439BC-909D-4EB8-A191-9F8578C38DF7}.Debug|ARM.Deploy.0 = Debug|Any CPU
		{BFD439BC-909D-4EB8-A191-9F8578C38DF7}.Debug|iPhone.ActiveCfg = Debug|Any CPU
		{BFD439BC-909D-4EB8-A191-9F8578C38DF7}.Debug|iPhone.Build.0 = Debug|Any CPU
		{BFD439BC-909D-4EB8-A191-9F8578C38DF7}.Debug|iPhone.Deploy.0 = Debug|Any CPU
		{BFD439BC-909D-4EB8-A191-9F8578C38DF7}.Debug|iPhoneSimulator.ActiveCfg = Debug|Any CPU
		{BFD439BC-909D-4EB8-A191-9F8578C38DF7}.Debug|iPhoneSimulator.Build.0 = Debug|Any CPU
		{BFD439BC-909D-4EB8-A191-9F8578C38DF7}.Debug|iPhoneSimulator.Deploy.0 = Debug|Any CPU
		{BFD439BC-909D-4EB8-A191-9F8578C38DF7}.Debug|x64.ActiveCfg = Debug|Any CPU
		{BFD439BC-909D-4EB8-A191-9F8578C38DF7}.Debug|x64.Build.0 = Debug|Any CPU
		{BFD439BC-909D-4EB8-A191-9F8578C38DF7}.Debug|x64.Deploy.0 = Debug|Any CPU
		{BFD439BC-909D-4EB8-A191-9F8578C38DF7}.Debug|x86.ActiveCfg = Debug|Any CPU
		{BFD439BC-909D-4EB8-A191-9F8578C38DF7}.Debug|x86.Build.0 = Debug|Any CPU
		{BFD439BC-909D-4EB8-A191-9F8578C38DF7}.Debug|x86.Deploy.0 = Debug|Any CPU
		{BFD439BC-909D-4EB8-A191-9F8578C38DF7}.Release|Any CPU.ActiveCfg = Release|Any CPU
		{BFD439BC-909D-4EB8-A191-9F8578C38DF7}.Release|Any CPU.Build.0 = Release|Any CPU
		{BFD439BC-909D-4EB8-A191-9F8578C38DF7}.Release|Any CPU.Deploy.0 = Release|Any CPU
		{BFD439BC-909D-4EB8-A191-9F8578C38DF7}.Release|ARM.ActiveCfg = Release|Any CPU
		{BFD439BC-909D-4EB8-A191-9F8578C38DF7}.Release|ARM.Build.0 = Release|Any CPU
		{BFD439BC-909D-4EB8-A191-9F8578C38DF7}.Release|ARM.Deploy.0 = Release|Any CPU
		{BFD439BC-909D-4EB8-A191-9F8578C38DF7}.Release|iPhone.ActiveCfg = Release|Any CPU
		{BFD439BC-909D-4EB8-A191-9F8578C38DF7}.Release|iPhone.Build.0 = Release|Any CPU
		{BFD439BC-909D-4EB8-A191-9F8578C38DF7}.Release|iPhone.Deploy.0 = Release|Any CPU
		{BFD439BC-909D-4EB8-A191-9F8578C38DF7}.Release|iPhoneSimulator.ActiveCfg = Release|Any CPU
		{BFD439BC-909D-4EB8-A191-9F8578C38DF7}.Release|iPhoneSimulator.Build.0 = Release|Any CPU
		{BFD439BC-909D-4EB8-A191-9F8578C38DF7}.Release|iPhoneSimulator.Deploy.0 = Release|Any CPU
		{BFD439BC-909D-4EB8-A191-9F8578C38DF7}.Release|x64.ActiveCfg = Release|Any CPU
		{BFD439BC-909D-4EB8-A191-9F8578C38DF7}.Release|x64.Build.0 = Release|Any CPU
		{BFD439BC-909D-4EB8-A191-9F8578C38DF7}.Release|x64.Deploy.0 = Release|Any CPU
		{BFD439BC-909D-4EB8-A191-9F8578C38DF7}.Release|x86.ActiveCfg = Release|Any CPU
		{BFD439BC-909D-4EB8-A191-9F8578C38DF7}.Release|x86.Build.0 = Release|Any CPU
		{BFD439BC-909D-4EB8-A191-9F8578C38DF7}.Release|x86.Deploy.0 = Release|Any CPU
		{D3B1FA57-3A94-4539-B047-683C4A8C3243}.Ad-Hoc|Any CPU.ActiveCfg = Release|Any CPU
		{D3B1FA57-3A94-4539-B047-683C4A8C3243}.Ad-Hoc|Any CPU.Build.0 = Release|Any CPU
		{D3B1FA57-3A94-4539-B047-683C4A8C3243}.Ad-Hoc|ARM.ActiveCfg = Release|Any CPU
		{D3B1FA57-3A94-4539-B047-683C4A8C3243}.Ad-Hoc|ARM.Build.0 = Release|Any CPU
		{D3B1FA57-3A94-4539-B047-683C4A8C3243}.Ad-Hoc|iPhone.ActiveCfg = Release|Any CPU
		{D3B1FA57-3A94-4539-B047-683C4A8C3243}.Ad-Hoc|iPhone.Build.0 = Release|Any CPU
		{D3B1FA57-3A94-4539-B047-683C4A8C3243}.Ad-Hoc|iPhoneSimulator.ActiveCfg = Release|Any CPU
		{D3B1FA57-3A94-4539-B047-683C4A8C3243}.Ad-Hoc|iPhoneSimulator.Build.0 = Release|Any CPU
		{D3B1FA57-3A94-4539-B047-683C4A8C3243}.Ad-Hoc|x64.ActiveCfg = Release|Any CPU
		{D3B1FA57-3A94-4539-B047-683C4A8C3243}.Ad-Hoc|x64.Build.0 = Release|Any CPU
		{D3B1FA57-3A94-4539-B047-683C4A8C3243}.Ad-Hoc|x86.ActiveCfg = Release|Any CPU
		{D3B1FA57-3A94-4539-B047-683C4A8C3243}.Ad-Hoc|x86.Build.0 = Release|Any CPU
		{D3B1FA57-3A94-4539-B047-683C4A8C3243}.AppStore|Any CPU.ActiveCfg = Release|Any CPU
		{D3B1FA57-3A94-4539-B047-683C4A8C3243}.AppStore|Any CPU.Build.0 = Release|Any CPU
		{D3B1FA57-3A94-4539-B047-683C4A8C3243}.AppStore|ARM.ActiveCfg = Release|Any CPU
		{D3B1FA57-3A94-4539-B047-683C4A8C3243}.AppStore|ARM.Build.0 = Release|Any CPU
		{D3B1FA57-3A94-4539-B047-683C4A8C3243}.AppStore|iPhone.ActiveCfg = Release|Any CPU
		{D3B1FA57-3A94-4539-B047-683C4A8C3243}.AppStore|iPhone.Build.0 = Release|Any CPU
		{D3B1FA57-3A94-4539-B047-683C4A8C3243}.AppStore|iPhoneSimulator.ActiveCfg = Release|Any CPU
		{D3B1FA57-3A94-4539-B047-683C4A8C3243}.AppStore|iPhoneSimulator.Build.0 = Release|Any CPU
		{D3B1FA57-3A94-4539-B047-683C4A8C3243}.AppStore|x64.ActiveCfg = Release|Any CPU
		{D3B1FA57-3A94-4539-B047-683C4A8C3243}.AppStore|x64.Build.0 = Release|Any CPU
		{D3B1FA57-3A94-4539-B047-683C4A8C3243}.AppStore|x86.ActiveCfg = Release|Any CPU
		{D3B1FA57-3A94-4539-B047-683C4A8C3243}.AppStore|x86.Build.0 = Release|Any CPU
		{D3B1FA57-3A94-4539-B047-683C4A8C3243}.Debug|Any CPU.ActiveCfg = Debug|Any CPU
		{D3B1FA57-3A94-4539-B047-683C4A8C3243}.Debug|Any CPU.Build.0 = Debug|Any CPU
		{D3B1FA57-3A94-4539-B047-683C4A8C3243}.Debug|ARM.ActiveCfg = Debug|Any CPU
		{D3B1FA57-3A94-4539-B047-683C4A8C3243}.Debug|ARM.Build.0 = Debug|Any CPU
		{D3B1FA57-3A94-4539-B047-683C4A8C3243}.Debug|iPhone.ActiveCfg = Debug|Any CPU
		{D3B1FA57-3A94-4539-B047-683C4A8C3243}.Debug|iPhone.Build.0 = Debug|Any CPU
		{D3B1FA57-3A94-4539-B047-683C4A8C3243}.Debug|iPhoneSimulator.ActiveCfg = Debug|Any CPU
		{D3B1FA57-3A94-4539-B047-683C4A8C3243}.Debug|iPhoneSimulator.Build.0 = Debug|Any CPU
		{D3B1FA57-3A94-4539-B047-683C4A8C3243}.Debug|x64.ActiveCfg = Debug|Any CPU
		{D3B1FA57-3A94-4539-B047-683C4A8C3243}.Debug|x64.Build.0 = Debug|Any CPU
		{D3B1FA57-3A94-4539-B047-683C4A8C3243}.Debug|x86.ActiveCfg = Debug|Any CPU
		{D3B1FA57-3A94-4539-B047-683C4A8C3243}.Debug|x86.Build.0 = Debug|Any CPU
		{D3B1FA57-3A94-4539-B047-683C4A8C3243}.Release|Any CPU.ActiveCfg = Release|Any CPU
		{D3B1FA57-3A94-4539-B047-683C4A8C3243}.Release|Any CPU.Build.0 = Release|Any CPU
		{D3B1FA57-3A94-4539-B047-683C4A8C3243}.Release|ARM.ActiveCfg = Release|Any CPU
		{D3B1FA57-3A94-4539-B047-683C4A8C3243}.Release|ARM.Build.0 = Release|Any CPU
		{D3B1FA57-3A94-4539-B047-683C4A8C3243}.Release|iPhone.ActiveCfg = Release|Any CPU
		{D3B1FA57-3A94-4539-B047-683C4A8C3243}.Release|iPhone.Build.0 = Release|Any CPU
		{D3B1FA57-3A94-4539-B047-683C4A8C3243}.Release|iPhoneSimulator.ActiveCfg = Release|Any CPU
		{D3B1FA57-3A94-4539-B047-683C4A8C3243}.Release|iPhoneSimulator.Build.0 = Release|Any CPU
		{D3B1FA57-3A94-4539-B047-683C4A8C3243}.Release|x64.ActiveCfg = Release|Any CPU
		{D3B1FA57-3A94-4539-B047-683C4A8C3243}.Release|x64.Build.0 = Release|Any CPU
		{D3B1FA57-3A94-4539-B047-683C4A8C3243}.Release|x86.ActiveCfg = Release|Any CPU
		{D3B1FA57-3A94-4539-B047-683C4A8C3243}.Release|x86.Build.0 = Release|Any CPU
		{0E025DE4-7ABD-4BEF-A9A1-4F9235577933}.Ad-Hoc|Any CPU.ActiveCfg = Release|x86
		{0E025DE4-7ABD-4BEF-A9A1-4F9235577933}.Ad-Hoc|Any CPU.Build.0 = Release|x86
		{0E025DE4-7ABD-4BEF-A9A1-4F9235577933}.Ad-Hoc|Any CPU.Deploy.0 = Release|x86
		{0E025DE4-7ABD-4BEF-A9A1-4F9235577933}.Ad-Hoc|ARM.ActiveCfg = Release|ARM
		{0E025DE4-7ABD-4BEF-A9A1-4F9235577933}.Ad-Hoc|ARM.Build.0 = Release|ARM
		{0E025DE4-7ABD-4BEF-A9A1-4F9235577933}.Ad-Hoc|ARM.Deploy.0 = Release|ARM
		{0E025DE4-7ABD-4BEF-A9A1-4F9235577933}.Ad-Hoc|iPhone.ActiveCfg = Release|x86
		{0E025DE4-7ABD-4BEF-A9A1-4F9235577933}.Ad-Hoc|iPhone.Build.0 = Release|x86
		{0E025DE4-7ABD-4BEF-A9A1-4F9235577933}.Ad-Hoc|iPhone.Deploy.0 = Release|x86
		{0E025DE4-7ABD-4BEF-A9A1-4F9235577933}.Ad-Hoc|iPhoneSimulator.ActiveCfg = Release|x86
		{0E025DE4-7ABD-4BEF-A9A1-4F9235577933}.Ad-Hoc|iPhoneSimulator.Build.0 = Release|x86
		{0E025DE4-7ABD-4BEF-A9A1-4F9235577933}.Ad-Hoc|iPhoneSimulator.Deploy.0 = Release|x86
		{0E025DE4-7ABD-4BEF-A9A1-4F9235577933}.Ad-Hoc|x64.ActiveCfg = Release|x64
		{0E025DE4-7ABD-4BEF-A9A1-4F9235577933}.Ad-Hoc|x64.Build.0 = Release|x64
		{0E025DE4-7ABD-4BEF-A9A1-4F9235577933}.Ad-Hoc|x64.Deploy.0 = Release|x64
		{0E025DE4-7ABD-4BEF-A9A1-4F9235577933}.Ad-Hoc|x86.ActiveCfg = Release|x86
		{0E025DE4-7ABD-4BEF-A9A1-4F9235577933}.Ad-Hoc|x86.Build.0 = Release|x86
		{0E025DE4-7ABD-4BEF-A9A1-4F9235577933}.Ad-Hoc|x86.Deploy.0 = Release|x86
		{0E025DE4-7ABD-4BEF-A9A1-4F9235577933}.AppStore|Any CPU.ActiveCfg = Release|x86
		{0E025DE4-7ABD-4BEF-A9A1-4F9235577933}.AppStore|Any CPU.Build.0 = Release|x86
		{0E025DE4-7ABD-4BEF-A9A1-4F9235577933}.AppStore|Any CPU.Deploy.0 = Release|x86
		{0E025DE4-7ABD-4BEF-A9A1-4F9235577933}.AppStore|ARM.ActiveCfg = Release|ARM
		{0E025DE4-7ABD-4BEF-A9A1-4F9235577933}.AppStore|ARM.Build.0 = Release|ARM
		{0E025DE4-7ABD-4BEF-A9A1-4F9235577933}.AppStore|ARM.Deploy.0 = Release|ARM
		{0E025DE4-7ABD-4BEF-A9A1-4F9235577933}.AppStore|iPhone.ActiveCfg = Release|x86
		{0E025DE4-7ABD-4BEF-A9A1-4F9235577933}.AppStore|iPhone.Build.0 = Release|x86
		{0E025DE4-7ABD-4BEF-A9A1-4F9235577933}.AppStore|iPhone.Deploy.0 = Release|x86
		{0E025DE4-7ABD-4BEF-A9A1-4F9235577933}.AppStore|iPhoneSimulator.ActiveCfg = Release|x86
		{0E025DE4-7ABD-4BEF-A9A1-4F9235577933}.AppStore|iPhoneSimulator.Build.0 = Release|x86
		{0E025DE4-7ABD-4BEF-A9A1-4F9235577933}.AppStore|iPhoneSimulator.Deploy.0 = Release|x86
		{0E025DE4-7ABD-4BEF-A9A1-4F9235577933}.AppStore|x64.ActiveCfg = Release|x64
		{0E025DE4-7ABD-4BEF-A9A1-4F9235577933}.AppStore|x64.Build.0 = Release|x64
		{0E025DE4-7ABD-4BEF-A9A1-4F9235577933}.AppStore|x64.Deploy.0 = Release|x64
		{0E025DE4-7ABD-4BEF-A9A1-4F9235577933}.AppStore|x86.ActiveCfg = Release|x86
		{0E025DE4-7ABD-4BEF-A9A1-4F9235577933}.AppStore|x86.Build.0 = Release|x86
		{0E025DE4-7ABD-4BEF-A9A1-4F9235577933}.AppStore|x86.Deploy.0 = Release|x86
		{0E025DE4-7ABD-4BEF-A9A1-4F9235577933}.Debug|Any CPU.ActiveCfg = Debug|x86
		{0E025DE4-7ABD-4BEF-A9A1-4F9235577933}.Debug|ARM.ActiveCfg = Debug|ARM
		{0E025DE4-7ABD-4BEF-A9A1-4F9235577933}.Debug|ARM.Build.0 = Debug|ARM
		{0E025DE4-7ABD-4BEF-A9A1-4F9235577933}.Debug|ARM.Deploy.0 = Debug|ARM
		{0E025DE4-7ABD-4BEF-A9A1-4F9235577933}.Debug|iPhone.ActiveCfg = Debug|x86
		{0E025DE4-7ABD-4BEF-A9A1-4F9235577933}.Debug|iPhoneSimulator.ActiveCfg = Debug|x86
		{0E025DE4-7ABD-4BEF-A9A1-4F9235577933}.Debug|x64.ActiveCfg = Debug|x64
		{0E025DE4-7ABD-4BEF-A9A1-4F9235577933}.Debug|x64.Build.0 = Debug|x64
		{0E025DE4-7ABD-4BEF-A9A1-4F9235577933}.Debug|x64.Deploy.0 = Debug|x64
		{0E025DE4-7ABD-4BEF-A9A1-4F9235577933}.Debug|x86.ActiveCfg = Debug|x86
		{0E025DE4-7ABD-4BEF-A9A1-4F9235577933}.Debug|x86.Build.0 = Debug|x86
		{0E025DE4-7ABD-4BEF-A9A1-4F9235577933}.Debug|x86.Deploy.0 = Debug|x86
		{0E025DE4-7ABD-4BEF-A9A1-4F9235577933}.Release|Any CPU.ActiveCfg = Release|x86
		{0E025DE4-7ABD-4BEF-A9A1-4F9235577933}.Release|ARM.ActiveCfg = Release|ARM
		{0E025DE4-7ABD-4BEF-A9A1-4F9235577933}.Release|ARM.Build.0 = Release|ARM
		{0E025DE4-7ABD-4BEF-A9A1-4F9235577933}.Release|ARM.Deploy.0 = Release|ARM
		{0E025DE4-7ABD-4BEF-A9A1-4F9235577933}.Release|iPhone.ActiveCfg = Release|x86
		{0E025DE4-7ABD-4BEF-A9A1-4F9235577933}.Release|iPhoneSimulator.ActiveCfg = Release|x86
		{0E025DE4-7ABD-4BEF-A9A1-4F9235577933}.Release|x64.ActiveCfg = Release|x64
		{0E025DE4-7ABD-4BEF-A9A1-4F9235577933}.Release|x64.Build.0 = Release|x64
		{0E025DE4-7ABD-4BEF-A9A1-4F9235577933}.Release|x64.Deploy.0 = Release|x64
		{0E025DE4-7ABD-4BEF-A9A1-4F9235577933}.Release|x86.ActiveCfg = Release|x86
		{0E025DE4-7ABD-4BEF-A9A1-4F9235577933}.Release|x86.Build.0 = Release|x86
		{0E025DE4-7ABD-4BEF-A9A1-4F9235577933}.Release|x86.Deploy.0 = Release|x86
		{DF572D0C-E7D4-4F63-861D-CCEDCD24F9AE}.Ad-Hoc|Any CPU.ActiveCfg = Ad-Hoc|iPhoneSimulator
		{DF572D0C-E7D4-4F63-861D-CCEDCD24F9AE}.Ad-Hoc|ARM.ActiveCfg = Ad-Hoc|iPhone
		{DF572D0C-E7D4-4F63-861D-CCEDCD24F9AE}.Ad-Hoc|iPhone.ActiveCfg = Ad-Hoc|iPhone
		{DF572D0C-E7D4-4F63-861D-CCEDCD24F9AE}.Ad-Hoc|iPhone.Build.0 = Ad-Hoc|iPhone
		{DF572D0C-E7D4-4F63-861D-CCEDCD24F9AE}.Ad-Hoc|iPhoneSimulator.ActiveCfg = Ad-Hoc|iPhoneSimulator
		{DF572D0C-E7D4-4F63-861D-CCEDCD24F9AE}.Ad-Hoc|iPhoneSimulator.Build.0 = Ad-Hoc|iPhoneSimulator
		{DF572D0C-E7D4-4F63-861D-CCEDCD24F9AE}.Ad-Hoc|x64.ActiveCfg = Ad-Hoc|iPhone
		{DF572D0C-E7D4-4F63-861D-CCEDCD24F9AE}.Ad-Hoc|x86.ActiveCfg = Ad-Hoc|iPhone
		{DF572D0C-E7D4-4F63-861D-CCEDCD24F9AE}.AppStore|Any CPU.ActiveCfg = AppStore|iPhoneSimulator
		{DF572D0C-E7D4-4F63-861D-CCEDCD24F9AE}.AppStore|ARM.ActiveCfg = AppStore|iPhone
		{DF572D0C-E7D4-4F63-861D-CCEDCD24F9AE}.AppStore|iPhone.ActiveCfg = AppStore|iPhone
		{DF572D0C-E7D4-4F63-861D-CCEDCD24F9AE}.AppStore|iPhone.Build.0 = AppStore|iPhone
		{DF572D0C-E7D4-4F63-861D-CCEDCD24F9AE}.AppStore|iPhoneSimulator.ActiveCfg = AppStore|iPhoneSimulator
		{DF572D0C-E7D4-4F63-861D-CCEDCD24F9AE}.AppStore|iPhoneSimulator.Build.0 = AppStore|iPhoneSimulator
		{DF572D0C-E7D4-4F63-861D-CCEDCD24F9AE}.AppStore|x64.ActiveCfg = AppStore|iPhone
		{DF572D0C-E7D4-4F63-861D-CCEDCD24F9AE}.AppStore|x86.ActiveCfg = AppStore|iPhone
		{DF572D0C-E7D4-4F63-861D-CCEDCD24F9AE}.Debug|Any CPU.ActiveCfg = Debug|iPhoneSimulator
		{DF572D0C-E7D4-4F63-861D-CCEDCD24F9AE}.Debug|ARM.ActiveCfg = Debug|iPhone
		{DF572D0C-E7D4-4F63-861D-CCEDCD24F9AE}.Debug|iPhone.ActiveCfg = Debug|iPhone
		{DF572D0C-E7D4-4F63-861D-CCEDCD24F9AE}.Debug|iPhone.Build.0 = Debug|iPhone
		{DF572D0C-E7D4-4F63-861D-CCEDCD24F9AE}.Debug|iPhoneSimulator.ActiveCfg = Debug|iPhoneSimulator
		{DF572D0C-E7D4-4F63-861D-CCEDCD24F9AE}.Debug|iPhoneSimulator.Build.0 = Debug|iPhoneSimulator
		{DF572D0C-E7D4-4F63-861D-CCEDCD24F9AE}.Debug|x64.ActiveCfg = Debug|iPhone
		{DF572D0C-E7D4-4F63-861D-CCEDCD24F9AE}.Debug|x86.ActiveCfg = Debug|iPhone
		{DF572D0C-E7D4-4F63-861D-CCEDCD24F9AE}.Release|Any CPU.ActiveCfg = Release|iPhoneSimulator
		{DF572D0C-E7D4-4F63-861D-CCEDCD24F9AE}.Release|ARM.ActiveCfg = Release|iPhone
		{DF572D0C-E7D4-4F63-861D-CCEDCD24F9AE}.Release|iPhone.ActiveCfg = Release|iPhone
		{DF572D0C-E7D4-4F63-861D-CCEDCD24F9AE}.Release|iPhone.Build.0 = Release|iPhone
		{DF572D0C-E7D4-4F63-861D-CCEDCD24F9AE}.Release|iPhoneSimulator.ActiveCfg = Release|iPhoneSimulator
		{DF572D0C-E7D4-4F63-861D-CCEDCD24F9AE}.Release|iPhoneSimulator.Build.0 = Release|iPhoneSimulator
		{DF572D0C-E7D4-4F63-861D-CCEDCD24F9AE}.Release|x64.ActiveCfg = Release|iPhone
		{DF572D0C-E7D4-4F63-861D-CCEDCD24F9AE}.Release|x86.ActiveCfg = Release|iPhone
	EndGlobalSection
	GlobalSection(SolutionProperties) = preSolution
		HideSolutionNode = FALSE
	EndGlobalSection
	GlobalSection(ExtensibilityGlobals) = postSolution
		SolutionGuid = {B59DE939-E837-48C7-A680-E315D9615D32}
	EndGlobalSection
EndGlobal
